
Microsoft Visual Studio Solution File, Format Version 12.00
# Visual Studio Version 16
VisualStudioVersion = 16.0.35229.62
MinimumVisualStudioVersion = 10.0.40219.1
Project("{FAE04EC0-301F-11D3-BF4B-00C04F79EFBC}") = "SWJCTool", "SWJCTool\SWJCTool.csproj", "{260EDCAA-EBB6-48FB-8BF7-1C6329DB14F3}"
EndProject
Global
	GlobalSection(SolutionConfigurationPlatforms) = preSolution
		Debug|Any CPU = Debug|Any CPU
		Release|Any CPU = Release|Any CPU
	EndGlobalSection
	GlobalSection(ProjectConfigurationPlatforms) = postSolution
		{260EDCAA-EBB6-48FB-8BF7-1C6329DB14F3}.Debug|Any CPU.ActiveCfg = Debug|Any CPU
		{260EDCAA-EBB6-48FB-8BF7-1C6329DB14F3}.Debug|Any CPU.Build.0 = Debug|Any CPU
		{260EDCAA-EBB6-48FB-8BF7-1C6329DB14F3}.Release|Any CPU.ActiveCfg = Release|Any CPU
		{260EDCAA-EBB6-48FB-8BF7-1C6329DB14F3}.Release|Any CPU.Build.0 = Release|Any CPU
	EndGlobalSection
	GlobalSection(SolutionProperties) = preSolution
		HideSolutionNode = FALSE
	EndGlobalSection
	GlobalSection(ExtensibilityGlobals) = postSolution
		SolutionGuid = {3CFFB7E1-11C6-43B0-B721-5F4943E5783E}
	EndGlobalSection
EndGlobal
